// !$*UTF8*$!
{
	archiveVersion = 1;
	classes = {
	};
	objectVersion = 56;
	objects = {

/* Begin PBXBuildFile section */
		10653DAF2B5201B900D58842 /* IndoCardApp.swift in Sources */ = {isa = PBXBuildFile; fileRef = 10653DAE2B5201B900D58842 /* IndoCardApp.swift */; };
		10653DB12B5201B900D58842 /* ContentView.swift in Sources */ = {isa = PBXBuildFile; fileRef = 10653DB02B5201B900D58842 /* ContentView.swift */; };
		10653DB32B5201B900D58842 /* Assets.xcassets in Resources */ = {isa = PBXBuildFile; fileRef = 10653DB22B5201B900D58842 /* Assets.xcassets */; };
		10653DB62B5201B900D58842 /* Preview Assets.xcassets in Resources */ = {isa = PBXBuildFile; fileRef = 10653DB52B5201B900D58842 /* Preview Assets.xcassets */; };
		10653DC02B5201BA00D58842 /* IndoCardTests.swift in Sources */ = {isa = PBXBuildFile; fileRef = 10653DBF2B5201BA00D58842 /* IndoCardTests.swift */; };
		10653DCA2B5201BA00D58842 /* IndoCardUITests.swift in Sources */ = {isa = PBXBuildFile; fileRef = 10653DC92B5201BA00D58842 /* IndoCardUITests.swift */; };
		10653DCC2B5201BA00D58842 /* IndoCardUITestsLaunchTests.swift in Sources */ = {isa = PBXBuildFile; fileRef = 10653DCB2B5201BA00D58842 /* IndoCardUITestsLaunchTests.swift */; };
		10653DDA2B5204DF00D58842 /* Pacifico-Regular.ttf in Resources */ = {isa = PBXBuildFile; fileRef = 10653DD92B5204DF00D58842 /* Pacifico-Regular.ttf */; };
		10653DFA2B537CDA00D58842 /* InfoView.swift in Sources */ = {isa = PBXBuildFile; fileRef = 10653DF92B537CDA00D58842 /* InfoView.swift */; };
/* End PBXBuildFile section */

/* Begin PBXContainerItemProxy section */
		10653DBC2B5201BA00D58842 /* PBXContainerItemProxy */ = {
			isa = PBXContainerItemProxy;
			containerPortal = 10653DA32B5201B800D58842 /* Project object */;
			proxyType = 1;
			remoteGlobalIDString = 10653DAA2B5201B800D58842;
			remoteInfo = IndoCard;
		};
		10653DC62B5201BA00D58842 /* PBXContainerItemProxy */ = {
			isa = PBXContainerItemProxy;
			containerPortal = 10653DA32B5201B800D58842 /* Project object */;
			proxyType = 1;
			remoteGlobalIDString = 10653DAA2B5201B800D58842;
			remoteInfo = IndoCard;
		};
/* End PBXContainerItemProxy section */

/* Begin PBXFileReference section */
		10653DAB2B5201B900D58842 /* IndoCard.app */ = {isa = PBXFileReference; explicitFileType = wrapper.application; includeInIndex = 0; path = IndoCard.app; sourceTree = BUILT_PRODUCTS_DIR; };
		10653DAE2B5201B900D58842 /* IndoCardApp.swift */ = {isa = PBXFileReference; lastKnownFileType = sourcecode.swift; path = IndoCardApp.swift; sourceTree = "<group>"; };
		10653DB02B5201B900D58842 /* ContentView.swift */ = {isa = PBXFileReference; lastKnownFileType = sourcecode.swift; path = ContentView.swift; sourceTree = "<group>"; };
		10653DB22B5201B900D58842 /* Assets.xcassets */ = {isa = PBXFileReference; lastKnownFileType = folder.assetcatalog; path = Assets.xcassets; sourceTree = "<group>"; };
		10653DB52B5201B900D58842 /* Preview Assets.xcassets */ = {isa = PBXFileReference; lastKnownFileType = folder.assetcatalog; path = "Preview Assets.xcassets"; sourceTree = "<group>"; };
		10653DBB2B5201BA00D58842 /* IndoCardTests.xctest */ = {isa = PBXFileReference; explicitFileType = wrapper.cfbundle; includeInIndex = 0; path = IndoCardTests.xctest; sourceTree = BUILT_PRODUCTS_DIR; };
		10653DBF2B5201BA00D58842 /* IndoCardTests.swift */ = {isa = PBXFileReference; lastKnownFileType = sourcecode.swift; path = IndoCardTests.swift; sourceTree = "<group>"; };
		10653DC52B5201BA00D58842 /* IndoCardUITests.xctest */ = {isa = PBXFileReference; explicitFileType = wrapper.cfbundle; includeInIndex = 0; path = IndoCardUITests.xctest; sourceTree = BUILT_PRODUCTS_DIR; };
		10653DC92B5201BA00D58842 /* IndoCardUITests.swift */ = {isa = PBXFileReference; lastKnownFileType = sourcecode.swift; path = IndoCardUITests.swift; sourceTree = "<group>"; };
		10653DCB2B5201BA00D58842 /* IndoCardUITestsLaunchTests.swift */ = {isa = PBXFileReference; lastKnownFileType = sourcecode.swift; path = IndoCardUITestsLaunchTests.swift; sourceTree = "<group>"; };
		10653DD92B5204DF00D58842 /* Pacifico-Regular.ttf */ = {isa = PBXFileReference; lastKnownFileType = file; path = "Pacifico-Regular.ttf"; sourceTree = "<group>"; };
		10653DF52B52064000D58842 /* Info.plist */ = {isa = PBXFileReference; lastKnownFileType = text.plist; path = Info.plist; sourceTree = "<group>"; };
		10653DF92B537CDA00D58842 /* InfoView.swift */ = {isa = PBXFileReference; lastKnownFileType = sourcecode.swift; path = InfoView.swift; sourceTree = "<group>"; };
/* End PBXFileReference section */

/* Begin PBXFrameworksBuildPhase section */
		10653DA82B5201B800D58842 /* Frameworks */ = {
			isa = PBXFrameworksBuildPhase;
			buildActionMask = 2147483647;
			files = (
			);
			runOnlyForDeploymentPostprocessing = 0;
		};
		10653DB82B5201BA00D58842 /* Frameworks */ = {
			isa = PBXFrameworksBuildPhase;
			buildActionMask = 2147483647;
			files = (
			);
			runOnlyForDeploymentPostprocessing = 0;
		};
		10653DC22B5201BA00D58842 /* Frameworks */ = {
			isa = PBXFrameworksBuildPhase;
			buildActionMask = 2147483647;
			files = (
			);
			runOnlyForDeploymentPostprocessing = 0;
		};
/* End PBXFrameworksBuildPhase section */

/* Begin PBXGroup section */
		10653DA22B5201B800D58842 = {
			isa = PBXGroup;
			children = (
				10653DAD2B5201B900D58842 /* IndoCard */,
				10653DBE2B5201BA00D58842 /* IndoCardTests */,
				10653DC82B5201BA00D58842 /* IndoCardUITests */,
				10653DAC2B5201B900D58842 /* Products */,
			);
			sourceTree = "<group>";
		};
		10653DAC2B5201B900D58842 /* Products */ = {
			isa = PBXGroup;
			children = (
				10653DAB2B5201B900D58842 /* IndoCard.app */,
				10653DBB2B5201BA00D58842 /* IndoCardTests.xctest */,
				10653DC52B5201BA00D58842 /* IndoCardUITests.xctest */,
			);
			name = Products;
			sourceTree = "<group>";
		};
		10653DAD2B5201B900D58842 /* IndoCard */ = {
			isa = PBXGroup;
			children = (
				10653DF52B52064000D58842 /* Info.plist */,
				10653DD82B5204D300D58842 /* fonts */,
				10653DAE2B5201B900D58842 /* IndoCardApp.swift */,
				10653DB02B5201B900D58842 /* ContentView.swift */,
				10653DF92B537CDA00D58842 /* InfoView.swift */,
				10653DB22B5201B900D58842 /* Assets.xcassets */,
				10653DB42B5201B900D58842 /* Preview Content */,
			);
			path = IndoCard;
			sourceTree = "<group>";
		};
		10653DB42B5201B900D58842 /* Preview Content */ = {
			isa = PBXGroup;
			children = (
				10653DB52B5201B900D58842 /* Preview Assets.xcassets */,
			);
			path = "Preview Content";
			sourceTree = "<group>";
		};
		10653DBE2B5201BA00D58842 /* IndoCardTests */ = {
			isa = PBXGroup;
			children = (
				10653DBF2B5201BA00D58842 /* IndoCardTests.swift */,
			);
			path = IndoCardTests;
			sourceTree = "<group>";
		};
		10653DC82B5201BA00D58842 /* IndoCardUITests */ = {
			isa = PBXGroup;
			children = (
				10653DC92B5201BA00D58842 /* IndoCardUITests.swift */,
				10653DCB2B5201BA00D58842 /* IndoCardUITestsLaunchTests.swift */,
			);
			path = IndoCardUITests;
			sourceTree = "<group>";
		};
		10653DD82B5204D300D58842 /* fonts */ = {
			isa = PBXGroup;
			children = (
				10653DD92B5204DF00D58842 /* Pacifico-Regular.ttf */,
			);
			path = fonts;
			sourceTree = "<group>";
		};
/* End PBXGroup section */

/* Begin PBXNativeTarget section */
		10653DAA2B5201B800D58842 /* IndoCard */ = {
			isa = PBXNativeTarget;
			buildConfigurationList = 10653DCF2B5201BA00D58842 /* Build configuration list for PBXNativeTarget "IndoCard" */;
			buildPhases = (
				10653DA72B5201B800D58842 /* Sources */,
				10653DA82B5201B800D58842 /* Frameworks */,
				10653DA92B5201B800D58842 /* Resources */,
			);
			buildRules = (
			);
			dependencies = (
			);
			name = IndoCard;
			productName = IndoCard;
			productReference = 10653DAB2B5201B900D58842 /* IndoCard.app */;
			productType = "com.apple.product-type.application";
		};
		10653DBA2B5201BA00D58842 /* IndoCardTests */ = {
			isa = PBXNativeTarget;
			buildConfigurationList = 10653DD22B5201BA00D58842 /* Build configuration list for PBXNativeTarget "IndoCardTests" */;
			buildPhases = (
				10653DB72B5201BA00D58842 /* Sources */,
				10653DB82B5201BA00D58842 /* Frameworks */,
				10653DB92B5201BA00D58842 /* Resources */,
			);
			buildRules = (
			);
			dependencies = (
				10653DBD2B5201BA00D58842 /* PBXTargetDependency */,
			);
			name = IndoCardTests;
			productName = IndoCardTests;
			productReference = 10653DBB2B5201BA00D58842 /* IndoCardTests.xctest */;
			productType = "com.apple.product-type.bundle.unit-test";
		};
		10653DC42B5201BA00D58842 /* IndoCardUITests */ = {
			isa = PBXNativeTarget;
			buildConfigurationList = 10653DD52B5201BA00D58842 /* Build configuration list for PBXNativeTarget "IndoCardUITests" */;
			buildPhases = (
				10653DC12B5201BA00D58842 /* Sources */,
				10653DC22B5201BA00D58842 /* Frameworks */,
				10653DC32B5201BA00D58842 /* Resources */,
			);
			buildRules = (
			);
			dependencies = (
				10653DC72B5201BA00D58842 /* PBXTargetDependency */,
			);
			name = IndoCardUITests;
			productName = IndoCardUITests;
			productReference = 10653DC52B5201BA00D58842 /* IndoCardUITests.xctest */;
			productType = "com.apple.product-type.bundle.ui-testing";
		};
/* End PBXNativeTarget section */

/* Begin PBXProject section */
		10653DA32B5201B800D58842 /* Project object */ = {
			isa = PBXProject;
			attributes = {
				BuildIndependentTargetsInParallel = 1;
				LastSwiftUpdateCheck = 1520;
				LastUpgradeCheck = 1520;
				TargetAttributes = {
					10653DAA2B5201B800D58842 = {
						CreatedOnToolsVersion = 15.2;
					};
					10653DBA2B5201BA00D58842 = {
						CreatedOnToolsVersion = 15.2;
						TestTargetID = 10653DAA2B5201B800D58842;
					};
					10653DC42B5201BA00D58842 = {
						CreatedOnToolsVersion = 15.2;
						TestTargetID = 10653DAA2B5201B800D58842;
					};
				};
			};
			buildConfigurationList = 10653DA62B5201B800D58842 /* Build configuration list for PBXProject "IndoCard" */;
			compatibilityVersion = "Xcode 14.0";
			developmentRegion = en;
			hasScannedForEncodings = 0;
			knownRegions = (
				en,
				Base,
			);
			mainGroup = 10653DA22B5201B800D58842;
			productRefGroup = 10653DAC2B5201B900D58842 /* Products */;
			projectDirPath = "";
			projectRoot = "";
			targets = (
				10653DAA2B5201B800D58842 /* IndoCard */,
				10653DBA2B5201BA00D58842 /* IndoCardTests */,
				10653DC42B5201BA00D58842 /* IndoCardUITests */,
			);
		};
/* End PBXProject section */

/* Begin PBXResourcesBuildPhase section */
		10653DA92B5201B800D58842 /* Resources */ = {
			isa = PBXResourcesBuildPhase;
			buildActionMask = 2147483647;
			files = (
				10653DDA2B5204DF00D58842 /* Pacifico-Regular.ttf in Resources */,
				10653DB62B5201B900D58842 /* Preview Assets.xcassets in Resources */,
				10653DB32B5201B900D58842 /* Assets.xcassets in Resources */,
			);
			runOnlyForDeploymentPostprocessing = 0;
		};
		10653DB92B5201BA00D58842 /* Resources */ = {
			isa = PBXResourcesBuildPhase;
			buildActionMask = 2147483647;
			files = (
			);
			runOnlyForDeploymentPostprocessing = 0;
		};
		10653DC32B5201BA00D58842 /* Resources */ = {
			isa = PBXResourcesBuildPhase;
			buildActionMask = 2147483647;
			files = (
			);
			runOnlyForDeploymentPostprocessing = 0;
		};
/* End PBXResourcesBuildPhase section */

/* Begin PBXSourcesBuildPhase section */
		10653DA72B5201B800D58842 /* Sources */ = {
			isa = PBXSourcesBuildPhase;
			buildActionMask = 2147483647;
			files = (
				10653DB12B5201B900D58842 /* ContentView.swift in Sources */,
				10653DFA2B537CDA00D58842 /* InfoView.swift in Sources */,
				10653DAF2B5201B900D58842 /* IndoCardApp.swift in Sources */,
			);
			runOnlyForDeploymentPostprocessing = 0;
		};
		10653DB72B5201BA00D58842 /* Sources */ = {
			isa = PBXSourcesBuildPhase;
			buildActionMask = 2147483647;
			files = (
				10653DC02B5201BA00D58842 /* IndoCardTests.swift in Sources */,
			);
			runOnlyForDeploymentPostprocessing = 0;
		};
		10653DC12B5201BA00D58842 /* Sources */ = {
			isa = PBXSourcesBuildPhase;
			buildActionMask = 2147483647;
			files = (
				10653DCC2B5201BA00D58842 /* IndoCardUITestsLaunchTests.swift in Sources */,
				10653DCA2B5201BA00D58842 /* IndoCardUITests.swift in Sources */,
			);
			runOnlyForDeploymentPostprocessing = 0;
		};
/* End PBXSourcesBuildPhase section */

/* Begin PBXTargetDependency section */
		10653DBD2B5201BA00D58842 /* PBXTargetDependency */ = {
			isa = PBXTargetDependency;
			target = 10653DAA2B5201B800D58842 /* IndoCard */;
			targetProxy = 10653DBC2B5201BA00D58842 /* PBXContainerItemProxy */;
		};
		10653DC72B5201BA00D58842 /* PBXTargetDependency */ = {
			isa = PBXTargetDependency;
			target = 10653DAA2B5201B800D58842 /* IndoCard */;
			targetProxy = 10653DC62B5201BA00D58842 /* PBXContainerItemProxy */;
		};
/* End PBXTargetDependency section */

/* Begin XCBuildConfiguration section */
		10653DCD2B5201BA00D58842 /* Debug */ = {
			isa = XCBuildConfiguration;
			buildSettings = {
				ALWAYS_SEARCH_USER_PATHS = NO;
				ASSETCATALOG_COMPILER_GENERATE_SWIFT_ASSET_SYMBOL_EXTENSIONS = YES;
				CLANG_ANALYZER_NONNULL = YES;
				CLANG_ANALYZER_NUMBER_OBJECT_CONVERSION = YES_AGGRESSIVE;
				CLANG_CXX_LANGUAGE_STANDARD = "gnu++20";
				CLANG_ENABLE_MODULES = YES;
				CLANG_ENABLE_OBJC_ARC = YES;
				CLANG_ENABLE_OBJC_WEAK = YES;
				CLANG_WARN_BLOCK_CAPTURE_AUTORELEASING = YES;
				CLANG_WARN_BOOL_CONVERSION = YES;
				CLANG_WARN_COMMA = YES;
				CLANG_WARN_CONSTANT_CONVERSION = YES;
				CLANG_WARN_DEPRECATED_OBJC_IMPLEMENTATIONS = YES;
				CLANG_WARN_DIRECT_OBJC_ISA_USAGE = YES_ERROR;
				CLANG_WARN_DOCUMENTATION_COMMENTS = YES;
				CLANG_WARN_EMPTY_BODY = YES;
				CLANG_WARN_ENUM_CONVERSION = YES;
				CLANG_WARN_INFINITE_RECURSION = YES;
				CLANG_WARN_INT_CONVERSION = YES;
				CLANG_WARN_NON_LITERAL_NULL_CONVERSION = YES;
				CLANG_WARN_OBJC_IMPLICIT_RETAIN_SELF = YES;
				CLANG_WARN_OBJC_LITERAL_CONVERSION = YES;
				CLANG_WARN_OBJC_ROOT_CLASS = YES_ERROR;
				CLANG_WARN_QUOTED_INCLUDE_IN_FRAMEWORK_HEADER = YES;
				CLANG_WARN_RANGE_LOOP_ANALYSIS = YES;
				CLANG_WARN_STRICT_PROTOTYPES = YES;
				CLANG_WARN_SUSPICIOUS_MOVE = YES;
				CLANG_WARN_UNGUARDED_AVAILABILITY = YES_AGGRESSIVE;
				CLANG_WARN_UNREACHABLE_CODE = YES;
				CLANG_WARN__DUPLICATE_METHOD_MATCH = YES;
				COPY_PHASE_STRIP = NO;
				DEBUG_INFORMATION_FORMAT = dwarf;
				ENABLE_STRICT_OBJC_MSGSEND = YES;
				ENABLE_TESTABILITY = YES;
				ENABLE_USER_SCRIPT_SANDBOXING = YES;
				GCC_C_LANGUAGE_STANDARD = gnu17;
				GCC_DYNAMIC_NO_PIC = NO;
				GCC_NO_COMMON_BLOCKS = YES;
				GCC_OPTIMIZATION_LEVEL = 0;
				GCC_PREPROCESSOR_DEFINITIONS = (
					"DEBUG=1",
					"$(inherited)",
				);
				GCC_WARN_64_TO_32_BIT_CONVERSION = YES;
				GCC_WARN_ABOUT_RETURN_TYPE = YES_ERROR;
				GCC_WARN_UNDECLARED_SELECTOR = YES;
				GCC_WARN_UNINITIALIZED_AUTOS = YES_AGGRESSIVE;
				GCC_WARN_UNUSED_FUNCTION = YES;
				GCC_WARN_UNUSED_VARIABLE = YES;
				IPHONEOS_DEPLOYMENT_TARGET = 17.2;
				LOCALIZATION_PREFERS_STRING_CATALOGS = YES;
				MTL_ENABLE_DEBUG_INFO = INCLUDE_SOURCE;
				MTL_FAST_MATH = YES;
				ONLY_ACTIVE_ARCH = YES;
				SDKROOT = iphoneos;
				SWIFT_ACTIVE_COMPILATION_CONDITIONS = "DEBUG $(inherited)";
				SWIFT_OPTIMIZATION_LEVEL = "-Onone";
			};
			name = Debug;
		};
		10653DCE2B5201BA00D58842 /* Release */ = {
			isa = XCBuildConfiguration;
			buildSettings = {
				ALWAYS_SEARCH_USER_PATHS = NO;
				ASSETCATALOG_COMPILER_GENERATE_SWIFT_ASSET_SYMBOL_EXTENSIONS = YES;
				CLANG_ANALYZER_NONNULL = YES;
				CLANG_ANALYZER_NUMBER_OBJECT_CONVERSION = YES_AGGRESSIVE;
				CLANG_CXX_LANGUAGE_STANDARD = "gnu++20";
				CLANG_ENABLE_MODULES = YES;
				CLANG_ENABLE_OBJC_ARC = YES;
				CLANG_ENABLE_OBJC_WEAK = YES;
				CLANG_WARN_BLOCK_CAPTURE_AUTORELEASING = YES;
				CLANG_WARN_BOOL_CONVERSION = YES;
				CLANG_WARN_COMMA = YES;
				CLANG_WARN_CONSTANT_CONVERSION = YES;
				CLANG_WARN_DEPRECATED_OBJC_IMPLEMENTATIONS = YES;
				CLANG_WARN_DIRECT_OBJC_ISA_USAGE = YES_ERROR;
				CLANG_WARN_DOCUMENTATION_COMMENTS = YES;
				CLANG_WARN_EMPTY_BODY = YES;
				CLANG_WARN_ENUM_CONVERSION = YES;
				CLANG_WARN_INFINITE_RECURSION = YES;
				CLANG_WARN_INT_CONVERSION = YES;
				CLANG_WARN_NON_LITERAL_NULL_CONVERSION = YES;
				CLANG_WARN_OBJC_IMPLICIT_RETAIN_SELF = YES;
				CLANG_WARN_OBJC_LITERAL_CONVERSION = YES;
				CLANG_WARN_OBJC_ROOT_CLASS = YES_ERROR;
				CLANG_WARN_QUOTED_INCLUDE_IN_FRAMEWORK_HEADER = YES;
				CLANG_WARN_RANGE_LOOP_ANALYSIS = YES;
				CLANG_WARN_STRICT_PROTOTYPES = YES;
				CLANG_WARN_SUSPICIOUS_MOVE = YES;
				CLANG_WARN_UNGUARDED_AVAILABILITY = YES_AGGRESSIVE;
				CLANG_WARN_UNREACHABLE_CODE = YES;
				CLANG_WARN__DUPLICATE_METHOD_MATCH = YES;
				COPY_PHASE_STRIP = NO;
				DEBUG_INFORMATION_FORMAT = "dwarf-with-dsym";
				ENABLE_NS_ASSERTIONS = NO;
				ENABLE_STRICT_OBJC_MSGSEND = YES;
				ENABLE_USER_SCRIPT_SANDBOXING = YES;
				GCC_C_LANGUAGE_STANDARD = gnu17;
				GCC_NO_COMMON_BLOCKS = YES;
				GCC_WARN_64_TO_32_BIT_CONVERSION = YES;
				GCC_WARN_ABOUT_RETURN_TYPE = YES_ERROR;
				GCC_WARN_UNDECLARED_SELECTOR = YES;
				GCC_WARN_UNINITIALIZED_AUTOS = YES_AGGRESSIVE;
				GCC_WARN_UNUSED_FUNCTION = YES;
				GCC_WARN_UNUSED_VARIABLE = YES;
				IPHONEOS_DEPLOYMENT_TARGET = 17.2;
				LOCALIZATION_PREFERS_STRING_CATALOGS = YES;
				MTL_ENABLE_DEBUG_INFO = NO;
				MTL_FAST_MATH = YES;
				SDKROOT = iphoneos;
				SWIFT_COMPILATION_MODE = wholemodule;
				VALIDATE_PRODUCT = YES;
			};
			name = Release;
		};
		10653DD02B5201BA00D58842 /* Debug */ = {
			isa = XCBuildConfiguration;
			buildSettings = {
				ASSETCATALOG_COMPILER_APPICON_NAME = AppIcon;
				ASSETCATALOG_COMPILER_GLOBAL_ACCENT_COLOR_NAME = AccentColor;
				CODE_SIGN_STYLE = Automatic;
				CURRENT_PROJECT_VERSION = 1;
				DEVELOPMENT_ASSET_PATHS = "\"IndoCard/Preview Content\"";
				DEVELOPMENT_TEAM = AJB4SPC923;
				ENABLE_PREVIEWS = YES;
				GENERATE_INFOPLIST_FILE = YES;
				INFOPLIST_FILE = IndoCard/Info.plist;
				INFOPLIST_KEY_UIApplicationSceneManifest_Generation = YES;
				INFOPLIST_KEY_UIApplicationSupportsIndirectInputEvents = YES;
				INFOPLIST_KEY_UILaunchScreen_Generation = YES;
				INFOPLIST_KEY_UISupportedInterfaceOrientations_iPad = "UIInterfaceOrientationPortrait UIInterfaceOrientationPortraitUpsideDown UIInterfaceOrientationLandscapeLeft UIInterfaceOrientationLandscapeRight";
				INFOPLIST_KEY_UISupportedInterfaceOrientations_iPhone = "UIInterfaceOrientationPortrait UIInterfaceOrientationLandscapeLeft UIInterfaceOrientationLandscapeRight";
				LD_RUNPATH_SEARCH_PATHS = (
					"$(inherited)",
					"@executable_path/Frameworks",
				);
				MARKETING_VERSION = 1.0;
				PRODUCT_BUNDLE_IDENTIFIER = IndoMinuz.IndoCard;
				PRODUCT_NAME = "$(TARGET_NAME)";
				SWIFT_EMIT_LOC_STRINGS = YES;
				SWIFT_VERSION = 5.0;
				TARGETED_DEVICE_FAMILY = "1,2";
			};
			name = Debug;
		};
		10653DD12B5201BA00D58842 /* Release */ = {
			isa = XCBuildConfiguration;
			buildSettings = {
				ASSETCATALOG_COMPILER_APPICON_NAME = AppIcon;
				ASSETCATALOG_COMPILER_GLOBAL_ACCENT_COLOR_NAME = AccentColor;
				CODE_SIGN_STYLE = Automatic;
				CURRENT_PROJECT_VERSION = 1;
				DEVELOPMENT_ASSET_PATHS = "\"IndoCard/Preview Content\"";
				DEVELOPMENT_TEAM = AJB4SPC923;
				ENABLE_PREVIEWS = YES;
				GENERATE_INFOPLIST_FILE = YES;
				INFOPLIST_FILE = IndoCard/Info.plist;
				INFOPLIST_KEY_UIApplicationSceneManifest_Generation = YES;
				INFOPLIST_KEY_UIApplicationSupportsIndirectInputEvents = YES;
				INFOPLIST_KEY_UILaunchScreen_Generation = YES;
				INFOPLIST_KEY_UISupportedInterfaceOrientations_iPad = "UIInterfaceOrientationPortrait UIInterfaceOrientationPortraitUpsideDown UIInterfaceOrientationLandscapeLeft UIInterfaceOrientationLandscapeRight";
				INFOPLIST_KEY_UISupportedInterfaceOrientations_iPhone = "UIInterfaceOrientationPortrait UIInterfaceOrientationLandscapeLeft UIInterfaceOrientationLandscapeRight";
				LD_RUNPATH_SEARCH_PATHS = (
					"$(inherited)",
					"@executable_path/Frameworks",
				);
				MARKETING_VERSION = 1.0;
				PRODUCT_BUNDLE_IDENTIFIER = IndoMinuz.IndoCard;
				PRODUCT_NAME = "$(TARGET_NAME)";
				SWIFT_EMIT_LOC_STRINGS = YES;
				SWIFT_VERSION = 5.0;
				TARGETED_DEVICE_FAMILY = "1,2";
			};
			name = Release;
		};
		10653DD32B5201BA00D58842 /* Debug */ = {
			isa = XCBuildConfiguration;
			buildSettings = {
				ALWAYS_EMBED_SWIFT_STANDARD_LIBRARIES = YES;
				BUNDLE_LOADER = "$(TEST_HOST)";
				CODE_SIGN_STYLE = Automatic;
				CURRENT_PROJECT_VERSION = 1;
				DEVELOPMENT_TEAM = AJB4SPC923;
				GENERATE_INFOPLIST_FILE = YES;
				IPHONEOS_DEPLOYMENT_TARGET = 17.2;
				MARKETING_VERSION = 1.0;
				PRODUCT_BUNDLE_IDENTIFIER = IndoMinuz.IndoCardTests;
				PRODUCT_NAME = "$(TARGET_NAME)";
				SWIFT_EMIT_LOC_STRINGS = NO;
				SWIFT_VERSION = 5.0;
				TARGETED_DEVICE_FAMILY = "1,2";
				TEST_HOST = "$(BUILT_PRODUCTS_DIR)/IndoCard.app/$(BUNDLE_EXECUTABLE_FOLDER_PATH)/IndoCard";
			};
			name = Debug;
		};
		10653DD42B5201BA00D58842 /* Release */ = {
			isa = XCBuildConfiguration;
			buildSettings = {
				ALWAYS_EMBED_SWIFT_STANDARD_LIBRARIES = YES;
				BUNDLE_LOADER = "$(TEST_HOST)";
				CODE_SIGN_STYLE = Automatic;
				CURRENT_PROJECT_VERSION = 1;
				DEVELOPMENT_TEAM = AJB4SPC923;
				GENERATE_INFOPLIST_FILE = YES;
				IPHONEOS_DEPLOYMENT_TARGET = 17.2;
				MARKETING_VERSION = 1.0;
				PRODUCT_BUNDLE_IDENTIFIER = IndoMinuz.IndoCardTests;
				PRODUCT_NAME = "$(TARGET_NAME)";
				SWIFT_EMIT_LOC_STRINGS = NO;
				SWIFT_VERSION = 5.0;
				TARGETED_DEVICE_FAMILY = "1,2";
				TEST_HOST = "$(BUILT_PRODUCTS_DIR)/IndoCard.app/$(BUNDLE_EXECUTABLE_FOLDER_PATH)/IndoCard";
			};
			name = Release;
		};
		10653DD62B5201BA00D58842 /* Debug */ = {
			isa = XCBuildConfiguration;
			buildSettings = {
				ALWAYS_EMBED_SWIFT_STANDARD_LIBRARIES = YES;
				CODE_SIGN_STYLE = Automatic;
				CURRENT_PROJECT_VERSION = 1;
				DEVELOPMENT_TEAM = AJB4SPC923;
				GENERATE_INFOPLIST_FILE = YES;
				MARKETING_VERSION = 1.0;
				PRODUCT_BUNDLE_IDENTIFIER = IndoMinuz.IndoCardUITests;
				PRODUCT_NAME = "$(TARGET_NAME)";
				SWIFT_EMIT_LOC_STRINGS = NO;
				SWIFT_VERSION = 5.0;
				TARGETED_DEVICE_FAMILY = "1,2";
				TEST_TARGET_NAME = IndoCard;
			};
			name = Debug;
		};
		10653DD72B5201BA00D58842 /* Release */ = {
			isa = XCBuildConfiguration;
			buildSettings = {
				ALWAYS_EMBED_SWIFT_STANDARD_LIBRARIES = YES;
				CODE_SIGN_STYLE = Automatic;
				CURRENT_PROJECT_VERSION = 1;
				DEVELOPMENT_TEAM = AJB4SPC923;
				GENERATE_INFOPLIST_FILE = YES;
				MARKETING_VERSION = 1.0;
				PRODUCT_BUNDLE_IDENTIFIER = IndoMinuz.IndoCardUITests;
				PRODUCT_NAME = "$(TARGET_NAME)";
				SWIFT_EMIT_LOC_STRINGS = NO;
				SWIFT_VERSION = 5.0;
				TARGETED_DEVICE_FAMILY = "1,2";
				TEST_TARGET_NAME = IndoCard;
			};
			name = Release;
		};
/* End XCBuildConfiguration section */

/* Begin XCConfigurationList section */
		10653DA62B5201B800D58842 /* Build configuration list for PBXProject "IndoCard" */ = {
			isa = XCConfigurationList;
			buildConfigurations = (
				10653DCD2B5201BA00D58842 /* Debug */,
				10653DCE2B5201BA00D58842 /* Release */,
			);
			defaultConfigurationIsVisible = 0;
			defaultConfigurationName = Release;
		};
		10653DCF2B5201BA00D58842 /* Build configuration list for PBXNativeTarget "IndoCard" */ = {
			isa = XCConfigurationList;
			buildConfigurations = (
				10653DD02B5201BA00D58842 /* Debug */,
				10653DD12B5201BA00D58842 /* Release */,
			);
			defaultConfigurationIsVisible = 0;
			defaultConfigurationName = Release;
		};
		10653DD22B5201BA00D58842 /* Build configuration list for PBXNativeTarget "IndoCardTests" */ = {
			isa = XCConfigurationList;
			buildConfigurations = (
				10653DD32B5201BA00D58842 /* Debug */,
				10653DD42B5201BA00D58842 /* Release */,
			);
			defaultConfigurationIsVisible = 0;
			defaultConfigurationName = Release;
		};
		10653DD52B5201BA00D58842 /* Build configuration list for PBXNativeTarget "IndoCardUITests" */ = {
			isa = XCConfigurationList;
			buildConfigurations = (
				10653DD62B5201BA00D58842 /* Debug */,
				10653DD72B5201BA00D58842 /* Release */,
			);
			defaultConfigurationIsVisible = 0;
			defaultConfigurationName = Release;
		};
/* End XCConfigurationList section */
	};
	rootObject = 10653DA32B5201B800D58842 /* Project object */;
}
